
Microsoft Visual Studio Solution File, Format Version 12.00
# Visual Studio Version 16
VisualStudioVersion = 16.0.30503.244
MinimumVisualStudioVersion = 10.0.40219.1
Project("{FAE04EC0-301F-11D3-BF4B-00C04F79EFBC}") = "SUM", "SUM.csproj", "{55890D75-E0D5-4F23-A297-7289CCBED942}"
EndProject
Global
	GlobalSection(SolutionConfigurationPlatforms) = preSolution
		Debug|Any CPU = Debug|Any CPU
		Release|Any CPU = Release|Any CPU
	EndGlobalSection
	GlobalSection(ProjectConfigurationPlatforms) = postSolution
		{55890D75-E0D5-4F23-A297-7289CCBED942}.Debug|Any CPU.ActiveCfg = Debug|Any CPU
		{55890D75-E0D5-4F23-A297-7289CCBED942}.Debug|Any CPU.Build.0 = Debug|Any CPU
		{55890D75-E0D5-4F23-A297-7289CCBED942}.Release|Any CPU.ActiveCfg = Release|Any CPU
		{55890D75-E0D5-4F23-A297-7289CCBED942}.Release|Any CPU.Build.0 = Release|Any CPU
	EndGlobalSection
	GlobalSection(SolutionProperties) = preSolution
		HideSolutionNode = FALSE
	EndGlobalSection
	GlobalSection(ExtensibilityGlobals) = postSolution
		SolutionGuid = {37C174F5-C7B9-4302-A1C1-3001A96CC71F}
	EndGlobalSection
EndGlobal
