
Microsoft Visual Studio Solution File, Format Version 12.00
# Visual Studio Version 16
VisualStudioVersion = 16.0.30503.244
MinimumVisualStudioVersion = 10.0.40219.1
Project("{FAE04EC0-301F-11D3-BF4B-00C04F79EFBC}") = "Celcius", "Celcius.csproj", "{F6B0D9A5-1219-49E4-A1FF-30E6C6F75634}"
EndProject
Global
	GlobalSection(SolutionConfigurationPlatforms) = preSolution
		Debug|Any CPU = Debug|Any CPU
		Release|Any CPU = Release|Any CPU
	EndGlobalSection
	GlobalSection(ProjectConfigurationPlatforms) = postSolution
		{F6B0D9A5-1219-49E4-A1FF-30E6C6F75634}.Debug|Any CPU.ActiveCfg = Debug|Any CPU
		{F6B0D9A5-1219-49E4-A1FF-30E6C6F75634}.Debug|Any CPU.Build.0 = Debug|Any CPU
		{F6B0D9A5-1219-49E4-A1FF-30E6C6F75634}.Release|Any CPU.ActiveCfg = Release|Any CPU
		{F6B0D9A5-1219-49E4-A1FF-30E6C6F75634}.Release|Any CPU.Build.0 = Release|Any CPU
	EndGlobalSection
	GlobalSection(SolutionProperties) = preSolution
		HideSolutionNode = FALSE
	EndGlobalSection
	GlobalSection(ExtensibilityGlobals) = postSolution
		SolutionGuid = {621E5368-8B3D-4858-9A75-6B8C5503194B}
	EndGlobalSection
EndGlobal
