
Microsoft Visual Studio Solution File, Format Version 12.00
# Visual Studio Version 16
VisualStudioVersion = 16.0.30503.244
MinimumVisualStudioVersion = 10.0.40219.1
Project("{FAE04EC0-301F-11D3-BF4B-00C04F79EFBC}") = "Distance", "Distance.csproj", "{FC1A8646-4780-41B2-A4F3-B576440BB9CC}"
EndProject
Global
	GlobalSection(SolutionConfigurationPlatforms) = preSolution
		Debug|Any CPU = Debug|Any CPU
		Release|Any CPU = Release|Any CPU
	EndGlobalSection
	GlobalSection(ProjectConfigurationPlatforms) = postSolution
		{FC1A8646-4780-41B2-A4F3-B576440BB9CC}.Debug|Any CPU.ActiveCfg = Debug|Any CPU
		{FC1A8646-4780-41B2-A4F3-B576440BB9CC}.Debug|Any CPU.Build.0 = Debug|Any CPU
		{FC1A8646-4780-41B2-A4F3-B576440BB9CC}.Release|Any CPU.ActiveCfg = Release|Any CPU
		{FC1A8646-4780-41B2-A4F3-B576440BB9CC}.Release|Any CPU.Build.0 = Release|Any CPU
	EndGlobalSection
	GlobalSection(SolutionProperties) = preSolution
		HideSolutionNode = FALSE
	EndGlobalSection
	GlobalSection(ExtensibilityGlobals) = postSolution
		SolutionGuid = {4D803853-74A0-40A5-A28D-27652A24089B}
	EndGlobalSection
EndGlobal
