
Microsoft Visual Studio Solution File, Format Version 12.00
# Visual Studio Version 16
VisualStudioVersion = 16.0.30503.244
MinimumVisualStudioVersion = 10.0.40219.1
Project("{FAE04EC0-301F-11D3-BF4B-00C04F79EFBC}") = "TestCodeGRade", "TestCodeGRade.csproj", "{857A5CE4-8E05-4871-A151-5CBB78F8D878}"
EndProject
Global
	GlobalSection(SolutionConfigurationPlatforms) = preSolution
		Debug|Any CPU = Debug|Any CPU
		Release|Any CPU = Release|Any CPU
	EndGlobalSection
	GlobalSection(ProjectConfigurationPlatforms) = postSolution
		{857A5CE4-8E05-4871-A151-5CBB78F8D878}.Debug|Any CPU.ActiveCfg = Debug|Any CPU
		{857A5CE4-8E05-4871-A151-5CBB78F8D878}.Debug|Any CPU.Build.0 = Debug|Any CPU
		{857A5CE4-8E05-4871-A151-5CBB78F8D878}.Release|Any CPU.ActiveCfg = Release|Any CPU
		{857A5CE4-8E05-4871-A151-5CBB78F8D878}.Release|Any CPU.Build.0 = Release|Any CPU
	EndGlobalSection
	GlobalSection(SolutionProperties) = preSolution
		HideSolutionNode = FALSE
	EndGlobalSection
	GlobalSection(ExtensibilityGlobals) = postSolution
		SolutionGuid = {809FAF00-0EA4-4E52-8421-8AC0897111FF}
	EndGlobalSection
EndGlobal
