
Microsoft Visual Studio Solution File, Format Version 12.00
# Visual Studio Version 16
VisualStudioVersion = 16.0.30503.244
MinimumVisualStudioVersion = 10.0.40219.1
Project("{FAE04EC0-301F-11D3-BF4B-00C04F79EFBC}") = "hailstone", "hailstone.csproj", "{539FBB61-56A9-4010-A270-FA58759089DA}"
EndProject
Global
	GlobalSection(SolutionConfigurationPlatforms) = preSolution
		Debug|Any CPU = Debug|Any CPU
		Release|Any CPU = Release|Any CPU
	EndGlobalSection
	GlobalSection(ProjectConfigurationPlatforms) = postSolution
		{539FBB61-56A9-4010-A270-FA58759089DA}.Debug|Any CPU.ActiveCfg = Debug|Any CPU
		{539FBB61-56A9-4010-A270-FA58759089DA}.Debug|Any CPU.Build.0 = Debug|Any CPU
		{539FBB61-56A9-4010-A270-FA58759089DA}.Release|Any CPU.ActiveCfg = Release|Any CPU
		{539FBB61-56A9-4010-A270-FA58759089DA}.Release|Any CPU.Build.0 = Release|Any CPU
	EndGlobalSection
	GlobalSection(SolutionProperties) = preSolution
		HideSolutionNode = FALSE
	EndGlobalSection
	GlobalSection(ExtensibilityGlobals) = postSolution
		SolutionGuid = {0646B564-5DE4-48D1-98E0-30F8663037D4}
	EndGlobalSection
EndGlobal
