
Microsoft Visual Studio Solution File, Format Version 12.00
# Visual Studio Version 16
VisualStudioVersion = 16.0.30503.244
MinimumVisualStudioVersion = 10.0.40219.1
Project("{FAE04EC0-301F-11D3-BF4B-00C04F79EFBC}") = "Factorial", "Factorial.csproj", "{B42AB93A-6A09-4674-A92E-C87E52AE81AC}"
EndProject
Global
	GlobalSection(SolutionConfigurationPlatforms) = preSolution
		Debug|Any CPU = Debug|Any CPU
		Release|Any CPU = Release|Any CPU
	EndGlobalSection
	GlobalSection(ProjectConfigurationPlatforms) = postSolution
		{B42AB93A-6A09-4674-A92E-C87E52AE81AC}.Debug|Any CPU.ActiveCfg = Debug|Any CPU
		{B42AB93A-6A09-4674-A92E-C87E52AE81AC}.Debug|Any CPU.Build.0 = Debug|Any CPU
		{B42AB93A-6A09-4674-A92E-C87E52AE81AC}.Release|Any CPU.ActiveCfg = Release|Any CPU
		{B42AB93A-6A09-4674-A92E-C87E52AE81AC}.Release|Any CPU.Build.0 = Release|Any CPU
	EndGlobalSection
	GlobalSection(SolutionProperties) = preSolution
		HideSolutionNode = FALSE
	EndGlobalSection
	GlobalSection(ExtensibilityGlobals) = postSolution
		SolutionGuid = {02F1C0AD-86C2-4DF2-9C3D-00FD87997AA3}
	EndGlobalSection
EndGlobal
