
Microsoft Visual Studio Solution File, Format Version 12.00
# Visual Studio Version 16
VisualStudioVersion = 16.0.30503.244
MinimumVisualStudioVersion = 10.0.40219.1
Project("{FAE04EC0-301F-11D3-BF4B-00C04F79EFBC}") = "Palindrome_check", "Palindrome_check.csproj", "{DED54652-A1F7-43CB-840C-580CA4F11E88}"
EndProject
Global
	GlobalSection(SolutionConfigurationPlatforms) = preSolution
		Debug|Any CPU = Debug|Any CPU
		Release|Any CPU = Release|Any CPU
	EndGlobalSection
	GlobalSection(ProjectConfigurationPlatforms) = postSolution
		{DED54652-A1F7-43CB-840C-580CA4F11E88}.Debug|Any CPU.ActiveCfg = Debug|Any CPU
		{DED54652-A1F7-43CB-840C-580CA4F11E88}.Debug|Any CPU.Build.0 = Debug|Any CPU
		{DED54652-A1F7-43CB-840C-580CA4F11E88}.Release|Any CPU.ActiveCfg = Release|Any CPU
		{DED54652-A1F7-43CB-840C-580CA4F11E88}.Release|Any CPU.Build.0 = Release|Any CPU
	EndGlobalSection
	GlobalSection(SolutionProperties) = preSolution
		HideSolutionNode = FALSE
	EndGlobalSection
	GlobalSection(ExtensibilityGlobals) = postSolution
		SolutionGuid = {B4E3AEDA-1122-4CAD-B67E-D57C879F49F6}
	EndGlobalSection
EndGlobal
