
Microsoft Visual Studio Solution File, Format Version 12.00
# Visual Studio Version 16
VisualStudioVersion = 16.0.30503.244
MinimumVisualStudioVersion = 10.0.40219.1
Project("{FAE04EC0-301F-11D3-BF4B-00C04F79EFBC}") = "PrimeNumber", "PrimeNumber.csproj", "{2EF79956-E7EB-4D40-B0A5-C36E8E488BC4}"
EndProject
Global
	GlobalSection(SolutionConfigurationPlatforms) = preSolution
		Debug|Any CPU = Debug|Any CPU
		Release|Any CPU = Release|Any CPU
	EndGlobalSection
	GlobalSection(ProjectConfigurationPlatforms) = postSolution
		{2EF79956-E7EB-4D40-B0A5-C36E8E488BC4}.Debug|Any CPU.ActiveCfg = Debug|Any CPU
		{2EF79956-E7EB-4D40-B0A5-C36E8E488BC4}.Debug|Any CPU.Build.0 = Debug|Any CPU
		{2EF79956-E7EB-4D40-B0A5-C36E8E488BC4}.Release|Any CPU.ActiveCfg = Release|Any CPU
		{2EF79956-E7EB-4D40-B0A5-C36E8E488BC4}.Release|Any CPU.Build.0 = Release|Any CPU
	EndGlobalSection
	GlobalSection(SolutionProperties) = preSolution
		HideSolutionNode = FALSE
	EndGlobalSection
	GlobalSection(ExtensibilityGlobals) = postSolution
		SolutionGuid = {EA8CC618-1877-4B61-B7C5-6DDAF95504F6}
	EndGlobalSection
EndGlobal
