
Microsoft Visual Studio Solution File, Format Version 12.00
# Visual Studio Version 16
VisualStudioVersion = 16.0.30503.244
MinimumVisualStudioVersion = 10.0.40219.1
Project("{FAE04EC0-301F-11D3-BF4B-00C04F79EFBC}") = "How_Many_Days", "How_Many_Days.csproj", "{FA6B57FB-0803-45C8-ABB2-CAC5909D4213}"
EndProject
Global
	GlobalSection(SolutionConfigurationPlatforms) = preSolution
		Debug|Any CPU = Debug|Any CPU
		Release|Any CPU = Release|Any CPU
	EndGlobalSection
	GlobalSection(ProjectConfigurationPlatforms) = postSolution
		{FA6B57FB-0803-45C8-ABB2-CAC5909D4213}.Debug|Any CPU.ActiveCfg = Debug|Any CPU
		{FA6B57FB-0803-45C8-ABB2-CAC5909D4213}.Debug|Any CPU.Build.0 = Debug|Any CPU
		{FA6B57FB-0803-45C8-ABB2-CAC5909D4213}.Release|Any CPU.ActiveCfg = Release|Any CPU
		{FA6B57FB-0803-45C8-ABB2-CAC5909D4213}.Release|Any CPU.Build.0 = Release|Any CPU
	EndGlobalSection
	GlobalSection(SolutionProperties) = preSolution
		HideSolutionNode = FALSE
	EndGlobalSection
	GlobalSection(ExtensibilityGlobals) = postSolution
		SolutionGuid = {467E9E14-A666-4AA6-9A45-889AAFBFECD6}
	EndGlobalSection
EndGlobal
