
Microsoft Visual Studio Solution File, Format Version 12.00
# Visual Studio Version 16
VisualStudioVersion = 16.0.30503.244
MinimumVisualStudioVersion = 10.0.40219.1
Project("{FAE04EC0-301F-11D3-BF4B-00C04F79EFBC}") = "Circle", "Circle.csproj", "{B9953AD1-D2D6-4952-870A-7F9A1EFA6F14}"
EndProject
Global
	GlobalSection(SolutionConfigurationPlatforms) = preSolution
		Debug|Any CPU = Debug|Any CPU
		Release|Any CPU = Release|Any CPU
	EndGlobalSection
	GlobalSection(ProjectConfigurationPlatforms) = postSolution
		{B9953AD1-D2D6-4952-870A-7F9A1EFA6F14}.Debug|Any CPU.ActiveCfg = Debug|Any CPU
		{B9953AD1-D2D6-4952-870A-7F9A1EFA6F14}.Debug|Any CPU.Build.0 = Debug|Any CPU
		{B9953AD1-D2D6-4952-870A-7F9A1EFA6F14}.Release|Any CPU.ActiveCfg = Release|Any CPU
		{B9953AD1-D2D6-4952-870A-7F9A1EFA6F14}.Release|Any CPU.Build.0 = Release|Any CPU
	EndGlobalSection
	GlobalSection(SolutionProperties) = preSolution
		HideSolutionNode = FALSE
	EndGlobalSection
	GlobalSection(ExtensibilityGlobals) = postSolution
		SolutionGuid = {A0AE52DD-5936-4A1E-A1B1-500D25ED4FEE}
	EndGlobalSection
EndGlobal
