
Microsoft Visual Studio Solution File, Format Version 12.00
# Visual Studio Version 16
VisualStudioVersion = 16.0.30503.244
MinimumVisualStudioVersion = 10.0.40219.1
Project("{FAE04EC0-301F-11D3-BF4B-00C04F79EFBC}") = "Ascii", "Ascii.csproj", "{6874B8D4-E58C-443F-BAC3-BA09F85CB5A2}"
EndProject
Global
	GlobalSection(SolutionConfigurationPlatforms) = preSolution
		Debug|Any CPU = Debug|Any CPU
		Release|Any CPU = Release|Any CPU
	EndGlobalSection
	GlobalSection(ProjectConfigurationPlatforms) = postSolution
		{6874B8D4-E58C-443F-BAC3-BA09F85CB5A2}.Debug|Any CPU.ActiveCfg = Debug|Any CPU
		{6874B8D4-E58C-443F-BAC3-BA09F85CB5A2}.Debug|Any CPU.Build.0 = Debug|Any CPU
		{6874B8D4-E58C-443F-BAC3-BA09F85CB5A2}.Release|Any CPU.ActiveCfg = Release|Any CPU
		{6874B8D4-E58C-443F-BAC3-BA09F85CB5A2}.Release|Any CPU.Build.0 = Release|Any CPU
	EndGlobalSection
	GlobalSection(SolutionProperties) = preSolution
		HideSolutionNode = FALSE
	EndGlobalSection
	GlobalSection(ExtensibilityGlobals) = postSolution
		SolutionGuid = {FD399A19-AD77-46F1-B02E-CDD874CB9F88}
	EndGlobalSection
EndGlobal
